<?xml version="1.0" encoding="utf-8"?>
<Project ToolsVersion="4.0" xmlns="http://schemas.microsoft.com/developer/msbuild/2003">
  <ItemGroup>
    <Filter Include="Source Files">
      <UniqueIdentifier>{941124f3-0448-43c6-ab43-c9990edea41e}</UniqueIdentifier>
      <Extensions>cpp;c;cxx;rc;def;r;odl;idl;hpj;bat</Extensions>
    </Filter>
    <Filter Include="Header Files">
      <UniqueIdentifier>{1e549a66-601c-4c9c-8ec3-7099a5e4296f}</UniqueIdentifier>
      <Extensions>h;hpp;hxx;hm;inl</Extensions>
    </Filter>
    <Filter Include="Resource Files">
      <UniqueIdentifier>{bfb02a39-ec20-44ce-b6fd-4113322bade1}</UniqueIdentifier>
      <Extensions>ico;cur;bmp;dlg;rc2;rct;bin;rgs;gif;jpg;jpeg;jpe</Extensions>
    </Filter>
  </ItemGroup>
  <ItemGroup>
    <ClInclude Include="..\source\DefaultProc.h">
      <Filter>Header Files</Filter>
    </ClInclude>
    <ClInclude Include="..\source\Network.h">
      <Filter>Header Files</Filter>
    </ClInclude>
    <ClInclude Include="..\source\XAccelerationCtrl.h">
      <Filter>Header Files</Filter>
    </ClInclude>
    <ClInclude Include="..\source\XAnimationCtrl.h">
      <Filter>Header Files</Filter>
    </ClInclude>
    <ClInclude Include="..\source\XArtPartCtrl.h">
      <Filter>Header Files</Filter>
    </ClInclude>
    <ClInclude Include="..\source\XAtmosCtrl.h">
      <Filter>Header Files</Filter>
    </ClInclude>
    <ClInclude Include="..\source\XCelestialCtrl.h">
      <Filter>Header Files</Filter>
    </ClInclude>
    <ClInclude Include="..\source\XCollDetSegDef.h">
      <Filter>Header Files</Filter>
    </ClInclude>
    <ClInclude Include="..\source\XCollDetVolDef.h">
      <Filter>Header Files</Filter>
    </ClInclude>
    <ClInclude Include="..\source\XCompCtrl.h">
      <Filter>Header Files</Filter>
    </ClInclude>
    <ClInclude Include="..\source\XConfClampEntityCtrl.h">
      <Filter>Header Files</Filter>
    </ClInclude>
    <ClInclude Include="..\source\XEarthModelDef.h">
      <Filter>Header Files</Filter>
    </ClInclude>
    <ClInclude Include="..\source\XEntityCtrl.h">
      <Filter>Header Files</Filter>
    </ClInclude>
    <ClInclude Include="..\source\XEntityPositionCtrl.h">
      <Filter>Header Files</Filter>
    </ClInclude>
    <ClInclude Include="..\source\XEnvCondReq.h">
      <Filter>Header Files</Filter>
    </ClInclude>
    <ClInclude Include="..\source\XEnvRgnCtrl.h">
      <Filter>Header Files</Filter>
    </ClInclude>
    <ClInclude Include="..\source\XEventNotification.h">
      <Filter>Header Files</Filter>
    </ClInclude>
    <ClInclude Include="..\source\XHatHotReq.h">
      <Filter>Header Files</Filter>
    </ClInclude>
    <ClInclude Include="..\source\XIGCtrl.h">
      <Filter>Header Files</Filter>
    </ClInclude>
    <ClInclude Include="..\source\XLosSegReq.h">
      <Filter>Header Files</Filter>
    </ClInclude>
    <ClInclude Include="..\source\XLosVectReq.h">
      <Filter>Header Files</Filter>
    </ClInclude>
    <ClInclude Include="..\source\XMaritimeSurfaceCtrl.h">
      <Filter>Header Files</Filter>
    </ClInclude>
    <ClInclude Include="..\source\XMotionTrackCtrl.h">
      <Filter>Header Files</Filter>
    </ClInclude>
    <ClInclude Include="..\source\XPositionReq.h">
      <Filter>Header Files</Filter>
    </ClInclude>
    <ClInclude Include="..\source\XRateCtrl.h">
      <Filter>Header Files</Filter>
    </ClInclude>
    <ClInclude Include="..\source\XSensorCtrl.h">
      <Filter>Header Files</Filter>
    </ClInclude>
    <ClInclude Include="..\source\XShortArtPartCtrl.h">
      <Filter>Header Files</Filter>
    </ClInclude>
    <ClInclude Include="..\source\XShortCompCtrl.h">
      <Filter>Header Files</Filter>
    </ClInclude>
    <ClInclude Include="..\source\XShortSymbolCtrlV4.h">
      <Filter>Header Files</Filter>
    </ClInclude>
    <ClInclude Include="..\source\XSymbolCircleDefV4.h">
      <Filter>Header Files</Filter>
    </ClInclude>
    <ClInclude Include="..\source\XSymbolCloneV4.h">
      <Filter>Header Files</Filter>
    </ClInclude>
    <ClInclude Include="..\source\XSymbolCtrlV4.h">
      <Filter>Header Files</Filter>
    </ClInclude>
    <ClInclude Include="..\source\XSymbolPolygonDefV4.h">
      <Filter>Header Files</Filter>
    </ClInclude>
    <ClInclude Include="..\source\XSymbolSurfaceDefV4.h">
      <Filter>Header Files</Filter>
    </ClInclude>
    <ClInclude Include="..\source\XSymbolTextDefV4.h">
      <Filter>Header Files</Filter>
    </ClInclude>
    <ClInclude Include="..\source\XSymbolTexturedCircleDefV4.h">
      <Filter>Header Files</Filter>
    </ClInclude>
    <ClInclude Include="..\source\XSymbolTexturedPolygonDefV4.h">
      <Filter>Header Files</Filter>
    </ClInclude>
    <ClInclude Include="..\source\XTerrestrialSurfaceCtrl.h">
      <Filter>Header Files</Filter>
    </ClInclude>
    <ClInclude Include="..\source\XTrajectory.h">
      <Filter>Header Files</Filter>
    </ClInclude>
    <ClInclude Include="..\source\XVelocityCtrl.h">
      <Filter>Header Files</Filter>
    </ClInclude>
    <ClInclude Include="..\source\XViewCtrl.h">
      <Filter>Header Files</Filter>
    </ClInclude>
    <ClInclude Include="..\source\XViewDef.h">
      <Filter>Header Files</Filter>
    </ClInclude>
    <ClInclude Include="..\source\XWaveCtrl.h">
      <Filter>Header Files</Filter>
    </ClInclude>
    <ClInclude Include="..\source\XWeatherCtrl.h">
      <Filter>Header Files</Filter>
    </ClInclude>
  </ItemGroup>
  <ItemGroup>
    <ClCompile Include="..\source\DefaultProc.cpp">
      <Filter>Source Files</Filter>
    </ClCompile>
    <ClCompile Include="..\source\DummyIG.cpp">
      <Filter>Source Files</Filter>
    </ClCompile>
    <ClCompile Include="..\source\Network.cpp">
      <Filter>Source Files</Filter>
    </ClCompile>
    <ClCompile Include="..\source\XAccelerationCtrl.cpp">
      <Filter>Source Files</Filter>
    </ClCompile>
    <ClCompile Include="..\source\XAnimationCtrl.cpp">
      <Filter>Source Files</Filter>
    </ClCompile>
    <ClCompile Include="..\source\XArtPartCtrl.cpp">
      <Filter>Source Files</Filter>
    </ClCompile>
    <ClCompile Include="..\source\XAtmosCtrl.cpp">
      <Filter>Source Files</Filter>
    </ClCompile>
    <ClCompile Include="..\source\XCelestialCtrl.cpp">
      <Filter>Source Files</Filter>
    </ClCompile>
    <ClCompile Include="..\source\XCollDetSegDef.cpp">
      <Filter>Source Files</Filter>
    </ClCompile>
    <ClCompile Include="..\source\XCollDetVolDef.cpp">
      <Filter>Source Files</Filter>
    </ClCompile>
    <ClCompile Include="..\source\XCompCtrl.cpp">
      <Filter>Source Files</Filter>
    </ClCompile>
    <ClCompile Include="..\source\XConfClampEntityCtrl.cpp">
      <Filter>Source Files</Filter>
    </ClCompile>
    <ClCompile Include="..\source\XEarthModelDef.cpp">
      <Filter>Source Files</Filter>
    </ClCompile>
    <ClCompile Include="..\source\XEntityCtrl.cpp">
      <Filter>Source Files</Filter>
    </ClCompile>
    <ClCompile Include="..\source\XEntityPositionCtrl.cpp">
      <Filter>Source Files</Filter>
    </ClCompile>
    <ClCompile Include="..\source\XEnvCondReq.cpp">
      <Filter>Source Files</Filter>
    </ClCompile>
    <ClCompile Include="..\source\XEnvRgnCtrl.cpp">
      <Filter>Source Files</Filter>
    </ClCompile>
    <ClCompile Include="..\source\XEventNotification.cpp">
      <Filter>Source Files</Filter>
    </ClCompile>
    <ClCompile Include="..\source\XHatHotReq.cpp">
      <Filter>Source Files</Filter>
    </ClCompile>
    <ClCompile Include="..\source\XIGCtrl.cpp">
      <Filter>Source Files</Filter>
    </ClCompile>
    <ClCompile Include="..\source\XLosSegReq.cpp">
      <Filter>Source Files</Filter>
    </ClCompile>
    <ClCompile Include="..\source\XLosVectReq.cpp">
      <Filter>Source Files</Filter>
    </ClCompile>
    <ClCompile Include="..\source\XMaritimeSurfaceCtrl.cpp">
      <Filter>Source Files</Filter>
    </ClCompile>
    <ClCompile Include="..\source\XMotionTrackCtrl.cpp">
      <Filter>Source Files</Filter>
    </ClCompile>
    <ClCompile Include="..\source\XPositionReq.cpp">
      <Filter>Source Files</Filter>
    </ClCompile>
    <ClCompile Include="..\source\XRateCtrl.cpp">
      <Filter>Source Files</Filter>
    </ClCompile>
    <ClCompile Include="..\source\XSensorCtrl.cpp">
      <Filter>Source Files</Filter>
    </ClCompile>
    <ClCompile Include="..\source\XShortArtPartCtrl.cpp">
      <Filter>Source Files</Filter>
    </ClCompile>
    <ClCompile Include="..\source\XShortCompCtrl.cpp">
      <Filter>Source Files</Filter>
    </ClCompile>
    <ClCompile Include="..\source\XShortSymbolCtrlV4.cpp">
      <Filter>Source Files</Filter>
    </ClCompile>
    <ClCompile Include="..\source\XSymbolCircleDefV4.cpp">
      <Filter>Source Files</Filter>
    </ClCompile>
    <ClCompile Include="..\source\XSymbolCloneV4.cpp">
      <Filter>Source Files</Filter>
    </ClCompile>
    <ClCompile Include="..\source\XSymbolCtrlV4.cpp">
      <Filter>Source Files</Filter>
    </ClCompile>
    <ClCompile Include="..\source\XSymbolPolygonDefV4.cpp">
      <Filter>Source Files</Filter>
    </ClCompile>
    <ClCompile Include="..\source\XSymbolSurfaceDefV4.cpp">
      <Filter>Source Files</Filter>
    </ClCompile>
    <ClCompile Include="..\source\XSymbolTextDefV4.cpp">
      <Filter>Source Files</Filter>
    </ClCompile>
    <ClCompile Include="..\source\XSymbolTexturedCircleDefV4.cpp">
      <Filter>Source Files</Filter>
    </ClCompile>
    <ClCompile Include="..\source\XSymbolTexturedPolygonDefV4.cpp">
      <Filter>Source Files</Filter>
    </ClCompile>
    <ClCompile Include="..\source\XTerrestrialSurfaceCtrl.cpp">
      <Filter>Source Files</Filter>
    </ClCompile>
    <ClCompile Include="..\source\XTrajectory.cpp">
      <Filter>Source Files</Filter>
    </ClCompile>
    <ClCompile Include="..\source\XVelocityCtrl.cpp">
      <Filter>Source Files</Filter>
    </ClCompile>
    <ClCompile Include="..\source\XViewCtrl.cpp">
      <Filter>Source Files</Filter>
    </ClCompile>
    <ClCompile Include="..\source\XViewDef.cpp">
      <Filter>Source Files</Filter>
    </ClCompile>
    <ClCompile Include="..\source\XWaveCtrl.cpp">
      <Filter>Source Files</Filter>
    </ClCompile>
    <ClCompile Include="..\source\XWeatherCtrl.cpp">
      <Filter>Source Files</Filter>
    </ClCompile>
  </ItemGroup>
</Project>